
Microsoft Visual Studio Solution File, Format Version 12.00
# Visual Studio 15
VisualStudioVersion = 15.0.27703.2026
MinimumVisualStudioVersion = 10.0.40219.1
Project("{FAE04EC0-301F-11D3-BF4B-00C04F79EFBC}") = "Benchmark-Serializer", "Benchmark-Serializer\Benchmark-Serializer.csproj", "{DBABBAF5-D570-41ED-936F-A6725FEA823A}"
EndProject
Global
	GlobalSection(SolutionConfigurationPlatforms) = preSolution
		Debug|Any CPU = Debug|Any CPU
		Release|Any CPU = Release|Any CPU
	EndGlobalSection
	GlobalSection(ProjectConfigurationPlatforms) = postSolution
		{DBABBAF5-D570-41ED-936F-A6725FEA823A}.Debug|Any CPU.ActiveCfg = Debug|Any CPU
		{DBABBAF5-D570-41ED-936F-A6725FEA823A}.Debug|Any CPU.Build.0 = Debug|Any CPU
		{DBABBAF5-D570-41ED-936F-A6725FEA823A}.Release|Any CPU.ActiveCfg = Release|Any CPU
		{DBABBAF5-D570-41ED-936F-A6725FEA823A}.Release|Any CPU.Build.0 = Release|Any CPU
	EndGlobalSection
	GlobalSection(SolutionProperties) = preSolution
		HideSolutionNode = FALSE
	EndGlobalSection
	GlobalSection(ExtensibilityGlobals) = postSolution
		SolutionGuid = {DB9EF8B0-26B3-406C-B265-7699DB9D289B}
	EndGlobalSection
EndGlobal
